
Microsoft Visual Studio Solution File, Format Version 12.00
# Visual Studio Version 17
VisualStudioVersion = 17.7.34031.279
MinimumVisualStudioVersion = 10.0.40219.1
Project("{FAE04EC0-301F-11D3-BF4B-00C04F79EFBC}") = "DataSanitizer", "DataSanitizer.csproj", "{02B3A4D7-1DCA-4080-8592-EE97AB8F0F4A}"
EndProject
Global
	GlobalSection(SolutionConfigurationPlatforms) = preSolution
		Debug|Any CPU = Debug|Any CPU
		Release|Any CPU = Release|Any CPU
	EndGlobalSection
	GlobalSection(ProjectConfigurationPlatforms) = postSolution
		{02B3A4D7-1DCA-4080-8592-EE97AB8F0F4A}.Debug|Any CPU.ActiveCfg = Debug|Any CPU
		{02B3A4D7-1DCA-4080-8592-EE97AB8F0F4A}.Debug|Any CPU.Build.0 = Debug|Any CPU
		{02B3A4D7-1DCA-4080-8592-EE97AB8F0F4A}.Release|Any CPU.ActiveCfg = Release|Any CPU
		{02B3A4D7-1DCA-4080-8592-EE97AB8F0F4A}.Release|Any CPU.Build.0 = Release|Any CPU
	EndGlobalSection
	GlobalSection(SolutionProperties) = preSolution
		HideSolutionNode = FALSE
	EndGlobalSection
	GlobalSection(ExtensibilityGlobals) = postSolution
		SolutionGuid = {75553855-DDE6-4B97-B871-BBA1585CCF10}
	EndGlobalSection
EndGlobal
